
Microsoft Visual Studio Solution File, Format Version 12.00
# Visual Studio Version 16
VisualStudioVersion = 16.0.29509.3
MinimumVisualStudioVersion = 10.0.40219.1
Project("{FAE04EC0-301F-11D3-BF4B-00C04F79EFBC}") = "Introduçao aspNet", "Introduçao aspNet\Introduçao aspNet.csproj", "{C42D91BD-1A70-4EF4-97BE-1D4E1355EC2E}"
EndProject
Global
	GlobalSection(SolutionConfigurationPlatforms) = preSolution
		Debug|Any CPU = Debug|Any CPU
		Release|Any CPU = Release|Any CPU
	EndGlobalSection
	GlobalSection(ProjectConfigurationPlatforms) = postSolution
		{C42D91BD-1A70-4EF4-97BE-1D4E1355EC2E}.Debug|Any CPU.ActiveCfg = Debug|Any CPU
		{C42D91BD-1A70-4EF4-97BE-1D4E1355EC2E}.Debug|Any CPU.Build.0 = Debug|Any CPU
		{C42D91BD-1A70-4EF4-97BE-1D4E1355EC2E}.Release|Any CPU.ActiveCfg = Release|Any CPU
		{C42D91BD-1A70-4EF4-97BE-1D4E1355EC2E}.Release|Any CPU.Build.0 = Release|Any CPU
	EndGlobalSection
	GlobalSection(SolutionProperties) = preSolution
		HideSolutionNode = FALSE
	EndGlobalSection
	GlobalSection(ExtensibilityGlobals) = postSolution
		SolutionGuid = {D8CDB5D5-17C1-4B63-B66B-9B2C04B1B885}
	EndGlobalSection
EndGlobal
